
Microsoft Visual Studio Solution File, Format Version 12.00
Project("{FAE04EC0-301F-11D3-BF4B-00C04F79EFBC}") = "SparkToCode26", "SparkToCode26\SparkToCode26.csproj", "{279015F0-BEBB-40E1-96E9-D99ECEEFD283}"
EndProject
Project("{FAE04EC0-301F-11D3-BF4B-00C04F79EFBC}") = "Taskk2_Solutions", "Taskk2_Solutions\Taskk2_Solutions.csproj", "{A8B46EA5-E2FF-4175-94C0-2792764DC2A0}"
EndProject
Global
	GlobalSection(SolutionConfigurationPlatforms) = preSolution
		Debug|Any CPU = Debug|Any CPU
		Release|Any CPU = Release|Any CPU
	EndGlobalSection
	GlobalSection(ProjectConfigurationPlatforms) = postSolution
		{279015F0-BEBB-40E1-96E9-D99ECEEFD283}.Debug|Any CPU.ActiveCfg = Debug|Any CPU
		{279015F0-BEBB-40E1-96E9-D99ECEEFD283}.Debug|Any CPU.Build.0 = Debug|Any CPU
		{279015F0-BEBB-40E1-96E9-D99ECEEFD283}.Release|Any CPU.ActiveCfg = Release|Any CPU
		{279015F0-BEBB-40E1-96E9-D99ECEEFD283}.Release|Any CPU.Build.0 = Release|Any CPU
		{A8B46EA5-E2FF-4175-94C0-2792764DC2A0}.Debug|Any CPU.ActiveCfg = Debug|Any CPU
		{A8B46EA5-E2FF-4175-94C0-2792764DC2A0}.Debug|Any CPU.Build.0 = Debug|Any CPU
		{A8B46EA5-E2FF-4175-94C0-2792764DC2A0}.Release|Any CPU.ActiveCfg = Release|Any CPU
		{A8B46EA5-E2FF-4175-94C0-2792764DC2A0}.Release|Any CPU.Build.0 = Release|Any CPU
	EndGlobalSection
EndGlobal
